PODS:
  - Alamofire (5.0.0-rc.2)
  - Moya/Core (14.0.0-beta.4):
    - Alamofire (= 5.0.0-rc.2)
  - Moya/RxSwift (14.0.0-beta.4):
    - Moya/Core
    - RxSwift (~> 5.0)
  - "NSObject+Rx (5.0.2)":
    - RxSwift (~> 5.0)
  - Reusable (4.1.0):
    - Reusable/Storyboard (= 4.1.0)
    - Reusable/View (= 4.1.0)
  - Reusable/Storyboard (4.1.0)
  - Reusable/View (4.1.0)
  - RxCocoa (5.0.0):
    - RxRelay (~> 5)
    - RxSwift (~> 5)
  - RxGesture (3.0.1):
    - RxCocoa (~> 5.0)
    - RxSwift (~> 5.0)
  - RxRelay (5.0.0):
    - RxSwift (~> 5)
  - RxSwift (5.0.0)
  - SnapKit (5.0.1)
  - SwiftDate (6.1.0)
  - Then (2.6.0)
  - TYPagerController (2.1.2)

DEPENDENCIES:
  - Moya/RxSwift (~> 14.0.0-alpha.2)
  - "NSObject+Rx"
  - Reusable (~> 4.1)
  - RxCocoa (~> 5.0)
  - RxGesture
  - RxSwift (~> 5.0)
  - SnapKit (~> 5.0)
  - SwiftDate (~> 6.1)
  - Then (~> 2.6)
  - TYPagerController (~> 2.1.2)

SPEC REPOS:
  trunk:
    - Alamofire
    - Moya
    - "NSObject+Rx"
    - Reusable
    - RxCocoa
    - RxGesture
    - RxRelay
    - RxSwift
    - SnapKit
    - SwiftDate
    - Then
    - TYPagerController

SPEC CHECKSUMS:
  Alamofire: f9450d3c7f6bea2ad62e7a541c3e9b186c7991d6
  Moya: 53fa45a72929809e0b8bba44a0a53d8d0827bcfe
  "NSObject+Rx": 2eb2cf51fd1c554118449a7fbc36e4cd620b9e94
  Reusable: 82be188f29d96dc5eff0db7b2393bcc08d2cdd5b
  RxCocoa: fcf32050ac00d801f34a7f71d5e8e7f23026dcd8
  RxGesture: a3f8dd6adf078110ed5e1c9c30d09d705a09852e
  RxRelay: 4f7409406a51a55cd88483f21ed898c234d60f18
  RxSwift: 8b0671caa829a763bbce7271095859121cbd895f
  SnapKit: 97b92857e3df3a0c71833cce143274bf6ef8e5eb
  SwiftDate: fa2bb3962056bb44047b4b85a30044e5eae30b03
  Then: 90cd104fd951cec1980a03f57704ad8f784d4d79
  TYPagerController: 262556ecef99986d26ed77fb1288a198ed42f4af

PODFILE CHECKSUM: d102e5e191a3c978d8363d25513745ed62637f04

COCOAPODS: 1.8.3
