// !$*UTF8*$!
{
	archiveVersion = 1;
	classes = {
	};
	objectVersion = 51;
	objects = {

/* Begin PBXBuildFile section */
		650EE7222355F1B7008A90B3 /* String+GetSize.swift in Sources */ = {isa = PBXBuildFile; fileRef = 650EE7212355F1B7008A90B3 /* String+GetSize.swift */; };
		650EE7242355F216008A90B3 /* UIView+Corner.swift in Sources */ = {isa = PBXBuildFile; fileRef = 650EE7232355F216008A90B3 /* UIView+Corner.swift */; };
		650EE73A2355F8B1008A90B3 /* BaseHomeViewController.swift in Sources */ = {isa = PBXBuildFile; fileRef = 650EE7392355F8B1008A90B3 /* BaseHomeViewController.swift */; };
		65275A042356C9D100994C0F /* NewsTableViewCell.swift in Sources */ = {isa = PBXBuildFile; fileRef = 65275A032356C9D100994C0F /* NewsTableViewCell.swift */; };
		65275A0623570A5300994C0F /* String+Time.swift in Sources */ = {isa = PBXBuildFile; fileRef = 65275A0523570A5300994C0F /* String+Time.swift */; };
		656534F723557D3C00840686 /* AppDelegate.swift in Sources */ = {isa = PBXBuildFile; fileRef = 656534F623557D3C00840686 /* AppDelegate.swift */; };
		656534F923557D3C00840686 /* SceneDelegate.swift in Sources */ = {isa = PBXBuildFile; fileRef = 656534F823557D3C00840686 /* SceneDelegate.swift */; };
		6565350023557D4300840686 /* Assets.xcassets in Resources */ = {isa = PBXBuildFile; fileRef = 656534FF23557D4300840686 /* Assets.xcassets */; };
		6565350E23557D4400840686 /* readhubTests.swift in Sources */ = {isa = PBXBuildFile; fileRef = 6565350D23557D4400840686 /* readhubTests.swift */; };
		6565351923557D4400840686 /* readhubUITests.swift in Sources */ = {isa = PBXBuildFile; fileRef = 6565351823557D4400840686 /* readhubUITests.swift */; };
		6565353923558DAD00840686 /* BaseWireframe.swift in Sources */ = {isa = PBXBuildFile; fileRef = 6565353323558DAD00840686 /* BaseWireframe.swift */; };
		6565353A23558DAD00840686 /* ViewInterface.swift in Sources */ = {isa = PBXBuildFile; fileRef = 6565353423558DAD00840686 /* ViewInterface.swift */; };
		6565353B23558DAD00840686 /* InteractorInterface.swift in Sources */ = {isa = PBXBuildFile; fileRef = 6565353523558DAD00840686 /* InteractorInterface.swift */; };
		6565353C23558DAD00840686 /* PresenterInterface.swift in Sources */ = {isa = PBXBuildFile; fileRef = 6565353623558DAD00840686 /* PresenterInterface.swift */; };
		6565353D23558DAD00840686 /* UIStoryboardExtension.swift in Sources */ = {isa = PBXBuildFile; fileRef = 6565353723558DAD00840686 /* UIStoryboardExtension.swift */; };
		6565353E23558DAD00840686 /* FormatterInterface.swift in Sources */ = {isa = PBXBuildFile; fileRef = 6565353823558DAD00840686 /* FormatterInterface.swift */; };
		6565354023558DDE00840686 /* ReadhubService.swift in Sources */ = {isa = PBXBuildFile; fileRef = 6565353F23558DDE00840686 /* ReadhubService.swift */; };
		656535422355930100840686 /* Constants.swift in Sources */ = {isa = PBXBuildFile; fileRef = 656535412355930100840686 /* Constants.swift */; };
		65653544235593ED00840686 /* ReadhubModels.swift in Sources */ = {isa = PBXBuildFile; fileRef = 65653543235593ED00840686 /* ReadhubModels.swift */; };
		6565354B235599E700840686 /* HomeInterfaces.swift in Sources */ = {isa = PBXBuildFile; fileRef = 65653546235599E700840686 /* HomeInterfaces.swift */; };
		6565354C235599E700840686 /* HomePresenter.swift in Sources */ = {isa = PBXBuildFile; fileRef = 65653547235599E700840686 /* HomePresenter.swift */; };
		6565354D235599E700840686 /* HomeViewController.swift in Sources */ = {isa = PBXBuildFile; fileRef = 65653548235599E700840686 /* HomeViewController.swift */; };
		6565354E235599E700840686 /* HomeInteractor.swift in Sources */ = {isa = PBXBuildFile; fileRef = 65653549235599E700840686 /* HomeInteractor.swift */; };
		6565354F235599E700840686 /* HomeWireframe.swift in Sources */ = {isa = PBXBuildFile; fileRef = 6565354A235599E700840686 /* HomeWireframe.swift */; };
		6565355123559A2F00840686 /* NvController.swift in Sources */ = {isa = PBXBuildFile; fileRef = 6565355023559A2F00840686 /* NvController.swift */; };
		6565355423559A8B00840686 /* Initializers.swift in Sources */ = {isa = PBXBuildFile; fileRef = 6565355323559A8B00840686 /* Initializers.swift */; };
		6565355623559AC800840686 /* ThemeInitializer.swift in Sources */ = {isa = PBXBuildFile; fileRef = 6565355523559AC800840686 /* ThemeInitializer.swift */; };
		6565355A2355AA7800840686 /* Launch Screen.storyboard in Resources */ = {isa = PBXBuildFile; fileRef = 656535592355AA7800840686 /* Launch Screen.storyboard */; };
		659694F42357EF6E00F169A1 /* UILabelExtension.swift in Sources */ = {isa = PBXBuildFile; fileRef = 659694F32357EF6E00F169A1 /* UILabelExtension.swift */; };
		65C34E752355B5AE005419D9 /* UIBarButtonItemExtension.swift in Sources */ = {isa = PBXBuildFile; fileRef = 65C34E742355B5AE005419D9 /* UIBarButtonItemExtension.swift */; };
		65C34E772355B5E1005419D9 /* UIImageExtension.swift in Sources */ = {isa = PBXBuildFile; fileRef = 65C34E762355B5E1005419D9 /* UIImageExtension.swift */; };
		65F0047E2355E875005F7CC0 /* UIColor+HexColor.swift in Sources */ = {isa = PBXBuildFile; fileRef = 65F0047D2355E875005F7CC0 /* UIColor+HexColor.swift */; };
		65F004802355E93C005F7CC0 /* BaseViewController.swift in Sources */ = {isa = PBXBuildFile; fileRef = 65F0047F2355E93C005F7CC0 /* BaseViewController.swift */; };
		65F7031D2355E3F900D7EA19 /* TopicViewController.swift in Sources */ = {isa = PBXBuildFile; fileRef = 65F7031C2355E3F900D7EA19 /* TopicViewController.swift */; };
		65F7031F2355E40A00D7EA19 /* NewsViewController.swift in Sources */ = {isa = PBXBuildFile; fileRef = 65F7031E2355E40A00D7EA19 /* NewsViewController.swift */; };
		65F703212355E41800D7EA19 /* TechnewsViewController.swift in Sources */ = {isa = PBXBuildFile; fileRef = 65F703202355E41800D7EA19 /* TechnewsViewController.swift */; };
		65F703232355E42800D7EA19 /* BlockchainViewController.swift in Sources */ = {isa = PBXBuildFile; fileRef = 65F703222355E42800D7EA19 /* BlockchainViewController.swift */; };
		9643E81759744F1973416021 /* Pods_readhubTests.framework in Frameworks */ = {isa = PBXBuildFile; fileRef = 95D63CF5F092BFB33FF77DE1 /* Pods_readhubTests.framework */; };
		9A7B4447AAF584DAE05ABD41 /* Pods_readhub.framework in Frameworks */ = {isa = PBXBuildFile; fileRef = 5EB701931FEF173B6749EB3E /* Pods_readhub.framework */; };
		C1C627494411D535161E018C /* Pods_readhub_readhubUITests.framework in Frameworks */ = {isa = PBXBuildFile; fileRef = 3A2F65A400EEB2E149362DFF /* Pods_readhub_readhubUITests.framework */; };
/* End PBXBuildFile section */

/* Begin PBXContainerItemProxy section */
		6565350A23557D4400840686 /* PBXContainerItemProxy */ = {
			isa = PBXContainerItemProxy;
			containerPortal = 656534EB23557D3C00840686 /* Project object */;
			proxyType = 1;
			remoteGlobalIDString = 656534F223557D3C00840686;
			remoteInfo = readhub;
		};
		6565351523557D4400840686 /* PBXContainerItemProxy */ = {
			isa = PBXContainerItemProxy;
			containerPortal = 656534EB23557D3C00840686 /* Project object */;
			proxyType = 1;
			remoteGlobalIDString = 656534F223557D3C00840686;
			remoteInfo = readhub;
		};
/* End PBXContainerItemProxy section */

/* Begin PBXFileReference section */
		3A2F65A400EEB2E149362DFF /* Pods_readhub_readhubUITests.framework */ = {isa = PBXFileReference; explicitFileType = wrapper.framework; includeInIndex = 0; path = Pods_readhub_readhubUITests.framework; sourceTree = BUILT_PRODUCTS_DIR; };
		4DAEBDBFCC22A7AFFC9A9E8F /* Pods-readhub.debug.xcconfig */ = {isa = PBXFileReference; includeInIndex = 1; lastKnownFileType = text.xcconfig; name = "Pods-readhub.debug.xcconfig"; path = "Target Support Files/Pods-readhub/Pods-readhub.debug.xcconfig"; sourceTree = "<group>"; };
		5EB701931FEF173B6749EB3E /* Pods_readhub.framework */ = {isa = PBXFileReference; explicitFileType = wrapper.framework; includeInIndex = 0; path = Pods_readhub.framework; sourceTree = BUILT_PRODUCTS_DIR; };
		650EE7212355F1B7008A90B3 /* String+GetSize.swift */ = {isa = PBXFileReference; lastKnownFileType = sourcecode.swift; path = "String+GetSize.swift"; sourceTree = "<group>"; };
		650EE7232355F216008A90B3 /* UIView+Corner.swift */ = {isa = PBXFileReference; lastKnownFileType = sourcecode.swift; path = "UIView+Corner.swift"; sourceTree = "<group>"; };
		650EE7392355F8B1008A90B3 /* BaseHomeViewController.swift */ = {isa = PBXFileReference; lastKnownFileType = sourcecode.swift; path = BaseHomeViewController.swift; sourceTree = "<group>"; };
		65275A032356C9D100994C0F /* NewsTableViewCell.swift */ = {isa = PBXFileReference; lastKnownFileType = sourcecode.swift; path = NewsTableViewCell.swift; sourceTree = "<group>"; };
		65275A0523570A5300994C0F /* String+Time.swift */ = {isa = PBXFileReference; lastKnownFileType = sourcecode.swift; path = "String+Time.swift"; sourceTree = "<group>"; };
		656534F323557D3C00840686 /* Readhub+.app */ = {isa = PBXFileReference; explicitFileType = wrapper.application; includeInIndex = 0; path = "Readhub+.app"; sourceTree = BUILT_PRODUCTS_DIR; };
		656534F623557D3C00840686 /* AppDelegate.swift */ = {isa = PBXFileReference; lastKnownFileType = sourcecode.swift; path = AppDelegate.swift; sourceTree = "<group>"; };
		656534F823557D3C00840686 /* SceneDelegate.swift */ = {isa = PBXFileReference; lastKnownFileType = sourcecode.swift; path = SceneDelegate.swift; sourceTree = "<group>"; };
		656534FF23557D4300840686 /* Assets.xcassets */ = {isa = PBXFileReference; lastKnownFileType = folder.assetcatalog; path = Assets.xcassets; sourceTree = "<group>"; };
		6565350423557D4300840686 /* Info.plist */ = {isa = PBXFileReference; lastKnownFileType = text.plist.xml; path = Info.plist; sourceTree = "<group>"; };
		6565350923557D4400840686 /* readhubTests.xctest */ = {isa = PBXFileReference; explicitFileType = wrapper.cfbundle; includeInIndex = 0; path = readhubTests.xctest; sourceTree = BUILT_PRODUCTS_DIR; };
		6565350D23557D4400840686 /* readhubTests.swift */ = {isa = PBXFileReference; lastKnownFileType = sourcecode.swift; path = readhubTests.swift; sourceTree = "<group>"; };
		6565350F23557D4400840686 /* Info.plist */ = {isa = PBXFileReference; lastKnownFileType = text.plist.xml; path = Info.plist; sourceTree = "<group>"; };
		6565351423557D4400840686 /* readhubUITests.xctest */ = {isa = PBXFileReference; explicitFileType = wrapper.cfbundle; includeInIndex = 0; path = readhubUITests.xctest; sourceTree = BUILT_PRODUCTS_DIR; };
		6565351823557D4400840686 /* readhubUITests.swift */ = {isa = PBXFileReference; lastKnownFileType = sourcecode.swift; path = readhubUITests.swift; sourceTree = "<group>"; };
		6565351A23557D4400840686 /* Info.plist */ = {isa = PBXFileReference; lastKnownFileType = text.plist.xml; path = Info.plist; sourceTree = "<group>"; };
		6565353323558DAD00840686 /* BaseWireframe.swift */ = {isa = PBXFileReference; fileEncoding = 4; lastKnownFileType = sourcecode.swift; path = BaseWireframe.swift; sourceTree = "<group>"; };
		6565353423558DAD00840686 /* ViewInterface.swift */ = {isa = PBXFileReference; fileEncoding = 4; lastKnownFileType = sourcecode.swift; path = ViewInterface.swift; sourceTree = "<group>"; };
		6565353523558DAD00840686 /* InteractorInterface.swift */ = {isa = PBXFileReference; fileEncoding = 4; lastKnownFileType = sourcecode.swift; path = InteractorInterface.swift; sourceTree = "<group>"; };
		6565353623558DAD00840686 /* PresenterInterface.swift */ = {isa = PBXFileReference; fileEncoding = 4; lastKnownFileType = sourcecode.swift; path = PresenterInterface.swift; sourceTree = "<group>"; };
		6565353723558DAD00840686 /* UIStoryboardExtension.swift */ = {isa = PBXFileReference; fileEncoding = 4; lastKnownFileType = sourcecode.swift; path = UIStoryboardExtension.swift; sourceTree = "<group>"; };
		6565353823558DAD00840686 /* FormatterInterface.swift */ = {isa = PBXFileReference; fileEncoding = 4; lastKnownFileType = sourcecode.swift; path = FormatterInterface.swift; sourceTree = "<group>"; };
		6565353F23558DDE00840686 /* ReadhubService.swift */ = {isa = PBXFileReference; lastKnownFileType = sourcecode.swift; path = ReadhubService.swift; sourceTree = "<group>"; };
		656535412355930100840686 /* Constants.swift */ = {isa = PBXFileReference; lastKnownFileType = sourcecode.swift; path = Constants.swift; sourceTree = "<group>"; };
		65653543235593ED00840686 /* ReadhubModels.swift */ = {isa = PBXFileReference; lastKnownFileType = sourcecode.swift; path = ReadhubModels.swift; sourceTree = "<group>"; };
		65653546235599E700840686 /* HomeInterfaces.swift */ = {isa = PBXFileReference; lastKnownFileType = sourcecode.swift; path = HomeInterfaces.swift; sourceTree = "<group>"; };
		65653547235599E700840686 /* HomePresenter.swift */ = {isa = PBXFileReference; lastKnownFileType = sourcecode.swift; path = HomePresenter.swift; sourceTree = "<group>"; };
		65653548235599E700840686 /* HomeViewController.swift */ = {isa = PBXFileReference; lastKnownFileType = sourcecode.swift; path = HomeViewController.swift; sourceTree = "<group>"; };
		65653549235599E700840686 /* HomeInteractor.swift */ = {isa = PBXFileReference; lastKnownFileType = sourcecode.swift; path = HomeInteractor.swift; sourceTree = "<group>"; };
		6565354A235599E700840686 /* HomeWireframe.swift */ = {isa = PBXFileReference; lastKnownFileType = sourcecode.swift; path = HomeWireframe.swift; sourceTree = "<group>"; };
		6565355023559A2F00840686 /* NvController.swift */ = {isa = PBXFileReference; lastKnownFileType = sourcecode.swift; path = NvController.swift; sourceTree = "<group>"; };
		6565355323559A8B00840686 /* Initializers.swift */ = {isa = PBXFileReference; lastKnownFileType = sourcecode.swift; path = Initializers.swift; sourceTree = "<group>"; };
		6565355523559AC800840686 /* ThemeInitializer.swift */ = {isa = PBXFileReference; lastKnownFileType = sourcecode.swift; path = ThemeInitializer.swift; sourceTree = "<group>"; };
		656535592355AA7800840686 /* Launch Screen.storyboard */ = {isa = PBXFileReference; lastKnownFileType = file.storyboard; path = "Launch Screen.storyboard"; sourceTree = "<group>"; };
		659694F32357EF6E00F169A1 /* UILabelExtension.swift */ = {isa = PBXFileReference; lastKnownFileType = sourcecode.swift; path = UILabelExtension.swift; sourceTree = "<group>"; };
		65C34E742355B5AE005419D9 /* UIBarButtonItemExtension.swift */ = {isa = PBXFileReference; lastKnownFileType = sourcecode.swift; path = UIBarButtonItemExtension.swift; sourceTree = "<group>"; };
		65C34E762355B5E1005419D9 /* UIImageExtension.swift */ = {isa = PBXFileReference; lastKnownFileType = sourcecode.swift; path = UIImageExtension.swift; sourceTree = "<group>"; };
		65F0047D2355E875005F7CC0 /* UIColor+HexColor.swift */ = {isa = PBXFileReference; lastKnownFileType = sourcecode.swift; path = "UIColor+HexColor.swift"; sourceTree = "<group>"; };
		65F0047F2355E93C005F7CC0 /* BaseViewController.swift */ = {isa = PBXFileReference; lastKnownFileType = sourcecode.swift; path = BaseViewController.swift; sourceTree = "<group>"; };
		65F7031C2355E3F900D7EA19 /* TopicViewController.swift */ = {isa = PBXFileReference; lastKnownFileType = sourcecode.swift; path = TopicViewController.swift; sourceTree = "<group>"; };
		65F7031E2355E40A00D7EA19 /* NewsViewController.swift */ = {isa = PBXFileReference; lastKnownFileType = sourcecode.swift; path = NewsViewController.swift; sourceTree = "<group>"; };
		65F703202355E41800D7EA19 /* TechnewsViewController.swift */ = {isa = PBXFileReference; lastKnownFileType = sourcecode.swift; path = TechnewsViewController.swift; sourceTree = "<group>"; };
		65F703222355E42800D7EA19 /* BlockchainViewController.swift */ = {isa = PBXFileReference; lastKnownFileType = sourcecode.swift; path = BlockchainViewController.swift; sourceTree = "<group>"; };
		76F72DC5BBB0718226D30AF9 /* Pods-readhub.release.xcconfig */ = {isa = PBXFileReference; includeInIndex = 1; lastKnownFileType = text.xcconfig; name = "Pods-readhub.release.xcconfig"; path = "Target Support Files/Pods-readhub/Pods-readhub.release.xcconfig"; sourceTree = "<group>"; };
		78CA7588B4C06E7DD2C14C53 /* Pods-readhub-readhubUITests.release.xcconfig */ = {isa = PBXFileReference; includeInIndex = 1; lastKnownFileType = text.xcconfig; name = "Pods-readhub-readhubUITests.release.xcconfig"; path = "Target Support Files/Pods-readhub-readhubUITests/Pods-readhub-readhubUITests.release.xcconfig"; sourceTree = "<group>"; };
		95D63CF5F092BFB33FF77DE1 /* Pods_readhubTests.framework */ = {isa = PBXFileReference; explicitFileType = wrapper.framework; includeInIndex = 0; path = Pods_readhubTests.framework; sourceTree = BUILT_PRODUCTS_DIR; };
		C8E60CC0A243C3BD4F6A2C14 /* Pods-readhub-readhubUITests.debug.xcconfig */ = {isa = PBXFileReference; includeInIndex = 1; lastKnownFileType = text.xcconfig; name = "Pods-readhub-readhubUITests.debug.xcconfig"; path = "Target Support Files/Pods-readhub-readhubUITests/Pods-readhub-readhubUITests.debug.xcconfig"; sourceTree = "<group>"; };
		CB3AB5E57729B456C5AF63C1 /* Pods-readhubTests.debug.xcconfig */ = {isa = PBXFileReference; includeInIndex = 1; lastKnownFileType = text.xcconfig; name = "Pods-readhubTests.debug.xcconfig"; path = "Target Support Files/Pods-readhubTests/Pods-readhubTests.debug.xcconfig"; sourceTree = "<group>"; };
		EBDDB56FCA490C8C2DE97666 /* Pods-readhubTests.release.xcconfig */ = {isa = PBXFileReference; includeInIndex = 1; lastKnownFileType = text.xcconfig; name = "Pods-readhubTests.release.xcconfig"; path = "Target Support Files/Pods-readhubTests/Pods-readhubTests.release.xcconfig"; sourceTree = "<group>"; };
/* End PBXFileReference section */

/* Begin PBXFrameworksBuildPhase section */
		656534F023557D3C00840686 /* Frameworks */ = {
			isa = PBXFrameworksBuildPhase;
			buildActionMask = 2147483647;
			files = (
				9A7B4447AAF584DAE05ABD41 /* Pods_readhub.framework in Frameworks */,
			);
			runOnlyForDeploymentPostprocessing = 0;
		};
		6565350623557D4400840686 /* Frameworks */ = {
			isa = PBXFrameworksBuildPhase;
			buildActionMask = 2147483647;
			files = (
				9643E81759744F1973416021 /* Pods_readhubTests.framework in Frameworks */,
			);
			runOnlyForDeploymentPostprocessing = 0;
		};
		6565351123557D4400840686 /* Frameworks */ = {
			isa = PBXFrameworksBuildPhase;
			buildActionMask = 2147483647;
			files = (
				C1C627494411D535161E018C /* Pods_readhub_readhubUITests.framework in Frameworks */,
			);
			runOnlyForDeploymentPostprocessing = 0;
		};
/* End PBXFrameworksBuildPhase section */

/* Begin PBXGroup section */
		27CA428393CDFC13B61CC0BC /* Pods */ = {
			isa = PBXGroup;
			children = (
				4DAEBDBFCC22A7AFFC9A9E8F /* Pods-readhub.debug.xcconfig */,
				76F72DC5BBB0718226D30AF9 /* Pods-readhub.release.xcconfig */,
				C8E60CC0A243C3BD4F6A2C14 /* Pods-readhub-readhubUITests.debug.xcconfig */,
				78CA7588B4C06E7DD2C14C53 /* Pods-readhub-readhubUITests.release.xcconfig */,
				CB3AB5E57729B456C5AF63C1 /* Pods-readhubTests.debug.xcconfig */,
				EBDDB56FCA490C8C2DE97666 /* Pods-readhubTests.release.xcconfig */,
			);
			path = Pods;
			sourceTree = "<group>";
		};
		650EE7272355F2B1008A90B3 /* Protocols */ = {
			isa = PBXGroup;
			children = (
			);
			path = Protocols;
			sourceTree = "<group>";
		};
		656534EA23557D3C00840686 = {
			isa = PBXGroup;
			children = (
				656534F523557D3C00840686 /* readhub */,
				6565350C23557D4400840686 /* readhubTests */,
				6565351723557D4400840686 /* readhubUITests */,
				656534F423557D3C00840686 /* Products */,
				27CA428393CDFC13B61CC0BC /* Pods */,
				D45381066ACA32472703A641 /* Frameworks */,
			);
			sourceTree = "<group>";
		};
		656534F423557D3C00840686 /* Products */ = {
			isa = PBXGroup;
			children = (
				656534F323557D3C00840686 /* Readhub+.app */,
				6565350923557D4400840686 /* readhubTests.xctest */,
				6565351423557D4400840686 /* readhubUITests.xctest */,
			);
			name = Products;
			sourceTree = "<group>";
		};
		656534F523557D3C00840686 /* readhub */ = {
			isa = PBXGroup;
			children = (
				6565352623558CAD00840686 /* Application */,
				6565352723558CBB00840686 /* Common */,
				6565352823558CC200840686 /* Modules */,
				6565352923558CCA00840686 /* Resources */,
				6565352A23558CD500840686 /* SupportingFiles */,
			);
			path = readhub;
			sourceTree = "<group>";
		};
		6565350C23557D4400840686 /* readhubTests */ = {
			isa = PBXGroup;
			children = (
				6565350D23557D4400840686 /* readhubTests.swift */,
				6565350F23557D4400840686 /* Info.plist */,
			);
			path = readhubTests;
			sourceTree = "<group>";
		};
		6565351723557D4400840686 /* readhubUITests */ = {
			isa = PBXGroup;
			children = (
				6565351823557D4400840686 /* readhubUITests.swift */,
				6565351A23557D4400840686 /* Info.plist */,
			);
			path = readhubUITests;
			sourceTree = "<group>";
		};
		6565352623558CAD00840686 /* Application */ = {
			isa = PBXGroup;
			children = (
				6565355223559A6B00840686 /* Initializers */,
				656534F623557D3C00840686 /* AppDelegate.swift */,
				656534F823557D3C00840686 /* SceneDelegate.swift */,
				656535412355930100840686 /* Constants.swift */,
				6565355023559A2F00840686 /* NvController.swift */,
			);
			path = Application;
			sourceTree = "<group>";
		};
		6565352723558CBB00840686 /* Common */ = {
			isa = PBXGroup;
			children = (
				6565353223558D6600840686 /* API */,
				6565353123558D6000840686 /* Base */,
				6565353023558D5900840686 /* Components */,
				6565352F23558D5100840686 /* Extensions */,
				6565352E23558D4A00840686 /* Models */,
				650EE7272355F2B1008A90B3 /* Protocols */,
				6565352D23558D4200840686 /* Services */,
				6565352C23558D3A00840686 /* VIPER */,
				6565352B23558D3100840686 /* Validators */,
			);
			path = Common;
			sourceTree = "<group>";
		};
		6565352823558CC200840686 /* Modules */ = {
			isa = PBXGroup;
			children = (
				65653545235599D200840686 /* Home */,
			);
			path = Modules;
			sourceTree = "<group>";
		};
		6565352923558CCA00840686 /* Resources */ = {
			isa = PBXGroup;
			children = (
				656534FF23557D4300840686 /* Assets.xcassets */,
			);
			path = Resources;
			sourceTree = "<group>";
		};
		6565352A23558CD500840686 /* SupportingFiles */ = {
			isa = PBXGroup;
			children = (
				6565350423557D4300840686 /* Info.plist */,
				656535592355AA7800840686 /* Launch Screen.storyboard */,
			);
			path = SupportingFiles;
			sourceTree = "<group>";
		};
		6565352B23558D3100840686 /* Validators */ = {
			isa = PBXGroup;
			children = (
			);
			path = Validators;
			sourceTree = "<group>";
		};
		6565352C23558D3A00840686 /* VIPER */ = {
			isa = PBXGroup;
			children = (
				6565353323558DAD00840686 /* BaseWireframe.swift */,
				6565353823558DAD00840686 /* FormatterInterface.swift */,
				6565353523558DAD00840686 /* InteractorInterface.swift */,
				6565353623558DAD00840686 /* PresenterInterface.swift */,
				6565353723558DAD00840686 /* UIStoryboardExtension.swift */,
				6565353423558DAD00840686 /* ViewInterface.swift */,
			);
			path = VIPER;
			sourceTree = "<group>";
		};
		6565352D23558D4200840686 /* Services */ = {
			isa = PBXGroup;
			children = (
				6565353F23558DDE00840686 /* ReadhubService.swift */,
			);
			path = Services;
			sourceTree = "<group>";
		};
		6565352E23558D4A00840686 /* Models */ = {
			isa = PBXGroup;
			children = (
				65653543235593ED00840686 /* ReadhubModels.swift */,
			);
			path = Models;
			sourceTree = "<group>";
		};
		6565352F23558D5100840686 /* Extensions */ = {
			isa = PBXGroup;
			children = (
				65C34E742355B5AE005419D9 /* UIBarButtonItemExtension.swift */,
				65C34E762355B5E1005419D9 /* UIImageExtension.swift */,
				65F0047D2355E875005F7CC0 /* UIColor+HexColor.swift */,
				650EE7212355F1B7008A90B3 /* String+GetSize.swift */,
				650EE7232355F216008A90B3 /* UIView+Corner.swift */,
				65275A0523570A5300994C0F /* String+Time.swift */,
				659694F32357EF6E00F169A1 /* UILabelExtension.swift */,
			);
			path = Extensions;
			sourceTree = "<group>";
		};
		6565353023558D5900840686 /* Components */ = {
			isa = PBXGroup;
			children = (
			);
			path = Components;
			sourceTree = "<group>";
		};
		6565353123558D6000840686 /* Base */ = {
			isa = PBXGroup;
			children = (
				65F0047F2355E93C005F7CC0 /* BaseViewController.swift */,
			);
			path = Base;
			sourceTree = "<group>";
		};
		6565353223558D6600840686 /* API */ = {
			isa = PBXGroup;
			children = (
			);
			path = API;
			sourceTree = "<group>";
		};
		65653545235599D200840686 /* Home */ = {
			isa = PBXGroup;
			children = (
				65F7031B2355E3C900D7EA19 /* SubControllers */,
				65F7031A2355D32B00D7EA19 /* Views */,
				65653546235599E700840686 /* HomeInterfaces.swift */,
				65653547235599E700840686 /* HomePresenter.swift */,
				65653548235599E700840686 /* HomeViewController.swift */,
				65653549235599E700840686 /* HomeInteractor.swift */,
				6565354A235599E700840686 /* HomeWireframe.swift */,
			);
			path = Home;
			sourceTree = "<group>";
		};
		6565355223559A6B00840686 /* Initializers */ = {
			isa = PBXGroup;
			children = (
				6565355323559A8B00840686 /* Initializers.swift */,
				6565355523559AC800840686 /* ThemeInitializer.swift */,
			);
			path = Initializers;
			sourceTree = "<group>";
		};
		65F7031A2355D32B00D7EA19 /* Views */ = {
			isa = PBXGroup;
			children = (
				65275A032356C9D100994C0F /* NewsTableViewCell.swift */,
			);
			path = Views;
			sourceTree = "<group>";
		};
		65F7031B2355E3C900D7EA19 /* SubControllers */ = {
			isa = PBXGroup;
			children = (
				65F7031C2355E3F900D7EA19 /* TopicViewController.swift */,
				65F7031E2355E40A00D7EA19 /* NewsViewController.swift */,
				65F703202355E41800D7EA19 /* TechnewsViewController.swift */,
				65F703222355E42800D7EA19 /* BlockchainViewController.swift */,
				650EE7392355F8B1008A90B3 /* BaseHomeViewController.swift */,
			);
			path = SubControllers;
			sourceTree = "<group>";
		};
		D45381066ACA32472703A641 /* Frameworks */ = {
			isa = PBXGroup;
			children = (
				5EB701931FEF173B6749EB3E /* Pods_readhub.framework */,
				3A2F65A400EEB2E149362DFF /* Pods_readhub_readhubUITests.framework */,
				95D63CF5F092BFB33FF77DE1 /* Pods_readhubTests.framework */,
			);
			name = Frameworks;
			sourceTree = "<group>";
		};
/* End PBXGroup section */

/* Begin PBXNativeTarget section */
		656534F223557D3C00840686 /* readhub */ = {
			isa = PBXNativeTarget;
			buildConfigurationList = 6565351D23557D4400840686 /* Build configuration list for PBXNativeTarget "readhub" */;
			buildPhases = (
				DABE23F250DBF2166A560101 /* [CP] Check Pods Manifest.lock */,
				656534EF23557D3C00840686 /* Sources */,
				656534F023557D3C00840686 /* Frameworks */,
				656534F123557D3C00840686 /* Resources */,
				29A6E8E72864BCD4FECE6439 /* [CP] Embed Pods Frameworks */,
			);
			buildRules = (
			);
			dependencies = (
			);
			name = readhub;
			productName = readhub;
			productReference = 656534F323557D3C00840686 /* Readhub+.app */;
			productType = "com.apple.product-type.application";
		};
		6565350823557D4400840686 /* readhubTests */ = {
			isa = PBXNativeTarget;
			buildConfigurationList = 6565352023557D4400840686 /* Build configuration list for PBXNativeTarget "readhubTests" */;
			buildPhases = (
				48C6F6F78D9B7BB2552CC21E /* [CP] Check Pods Manifest.lock */,
				6565350523557D4400840686 /* Sources */,
				6565350623557D4400840686 /* Frameworks */,
				6565350723557D4400840686 /* Resources */,
			);
			buildRules = (
			);
			dependencies = (
				6565350B23557D4400840686 /* PBXTargetDependency */,
			);
			name = readhubTests;
			productName = readhubTests;
			productReference = 6565350923557D4400840686 /* readhubTests.xctest */;
			productType = "com.apple.product-type.bundle.unit-test";
		};
		6565351323557D4400840686 /* readhubUITests */ = {
			isa = PBXNativeTarget;
			buildConfigurationList = 6565352323557D4400840686 /* Build configuration list for PBXNativeTarget "readhubUITests" */;
			buildPhases = (
				9E9776082739D60547EA46E5 /* [CP] Check Pods Manifest.lock */,
				6565351023557D4400840686 /* Sources */,
				6565351123557D4400840686 /* Frameworks */,
				6565351223557D4400840686 /* Resources */,
				99E3B2651E0223C5C61201FA /* [CP] Embed Pods Frameworks */,
			);
			buildRules = (
			);
			dependencies = (
				6565351623557D4400840686 /* PBXTargetDependency */,
			);
			name = readhubUITests;
			productName = readhubUITests;
			productReference = 6565351423557D4400840686 /* readhubUITests.xctest */;
			productType = "com.apple.product-type.bundle.ui-testing";
		};
/* End PBXNativeTarget section */

/* Begin PBXProject section */
		656534EB23557D3C00840686 /* Project object */ = {
			isa = PBXProject;
			attributes = {
				LastSwiftUpdateCheck = 1110;
				LastUpgradeCheck = 1110;
				ORGANIZATIONNAME = "Steve Lemuel";
				TargetAttributes = {
					656534F223557D3C00840686 = {
						CreatedOnToolsVersion = 11.1;
					};
					6565350823557D4400840686 = {
						CreatedOnToolsVersion = 11.1;
						TestTargetID = 656534F223557D3C00840686;
					};
					6565351323557D4400840686 = {
						CreatedOnToolsVersion = 11.1;
						TestTargetID = 656534F223557D3C00840686;
					};
				};
			};
			buildConfigurationList = 656534EE23557D3C00840686 /* Build configuration list for PBXProject "readhub" */;
			compatibilityVersion = "Xcode 9.3";
			developmentRegion = en;
			hasScannedForEncodings = 0;
			knownRegions = (
				en,
				Base,
			);
			mainGroup = 656534EA23557D3C00840686;
			productRefGroup = 656534F423557D3C00840686 /* Products */;
			projectDirPath = "";
			projectRoot = "";
			targets = (
				656534F223557D3C00840686 /* readhub */,
				6565350823557D4400840686 /* readhubTests */,
				6565351323557D4400840686 /* readhubUITests */,
			);
		};
/* End PBXProject section */

/* Begin PBXResourcesBuildPhase section */
		656534F123557D3C00840686 /* Resources */ = {
			isa = PBXResourcesBuildPhase;
			buildActionMask = 2147483647;
			files = (
				6565355A2355AA7800840686 /* Launch Screen.storyboard in Resources */,
				6565350023557D4300840686 /* Assets.xcassets in Resources */,
			);
			runOnlyForDeploymentPostprocessing = 0;
		};
		6565350723557D4400840686 /* Resources */ = {
			isa = PBXResourcesBuildPhase;
			buildActionMask = 2147483647;
			files = (
			);
			runOnlyForDeploymentPostprocessing = 0;
		};
		6565351223557D4400840686 /* Resources */ = {
			isa = PBXResourcesBuildPhase;
			buildActionMask = 2147483647;
			files = (
			);
			runOnlyForDeploymentPostprocessing = 0;
		};
/* End PBXResourcesBuildPhase section */

/* Begin PBXShellScriptBuildPhase section */
		29A6E8E72864BCD4FECE6439 /* [CP] Embed Pods Frameworks */ = {
			isa = PBXShellScriptBuildPhase;
			buildActionMask = 2147483647;
			files = (
			);
			inputFileListPaths = (
				"${PODS_ROOT}/Target Support Files/Pods-readhub/Pods-readhub-frameworks-${CONFIGURATION}-input-files.xcfilelist",
			);
			name = "[CP] Embed Pods Frameworks";
			outputFileListPaths = (
				"${PODS_ROOT}/Target Support Files/Pods-readhub/Pods-readhub-frameworks-${CONFIGURATION}-output-files.xcfilelist",
			);
			runOnlyForDeploymentPostprocessing = 0;
			shellPath = /bin/sh;
			shellScript = "\"${PODS_ROOT}/Target Support Files/Pods-readhub/Pods-readhub-frameworks.sh\"\n";
			showEnvVarsInLog = 0;
		};
		48C6F6F78D9B7BB2552CC21E /* [CP] Check Pods Manifest.lock */ = {
			isa = PBXShellScriptBuildPhase;
			buildActionMask = 2147483647;
			files = (
			);
			inputFileListPaths = (
			);
			inputPaths = (
				"${PODS_PODFILE_DIR_PATH}/Podfile.lock",
				"${PODS_ROOT}/Manifest.lock",
			);
			name = "[CP] Check Pods Manifest.lock";
			outputFileListPaths = (
			);
			outputPaths = (
				"$(DERIVED_FILE_DIR)/Pods-readhubTests-checkManifestLockResult.txt",
			);
			runOnlyForDeploymentPostprocessing = 0;
			shellPath = /bin/sh;
			shellScript = "diff \"${PODS_PODFILE_DIR_PATH}/Podfile.lock\" \"${PODS_ROOT}/Manifest.lock\" > /dev/null\nif [ $? != 0 ] ; then\n    # print error to STDERR\n    echo \"error: The sandbox is not in sync with the Podfile.lock. Run 'pod install' or update your CocoaPods installation.\" >&2\n    exit 1\nfi\n# This output is used by Xcode 'outputs' to avoid re-running this script phase.\necho \"SUCCESS\" > \"${SCRIPT_OUTPUT_FILE_0}\"\n";
			showEnvVarsInLog = 0;
		};
		99E3B2651E0223C5C61201FA /* [CP] Embed Pods Frameworks */ = {
			isa = PBXShellScriptBuildPhase;
			buildActionMask = 2147483647;
			files = (
			);
			inputFileListPaths = (
				"${PODS_ROOT}/Target Support Files/Pods-readhub-readhubUITests/Pods-readhub-readhubUITests-frameworks-${CONFIGURATION}-input-files.xcfilelist",
			);
			name = "[CP] Embed Pods Frameworks";
			outputFileListPaths = (
				"${PODS_ROOT}/Target Support Files/Pods-readhub-readhubUITests/Pods-readhub-readhubUITests-frameworks-${CONFIGURATION}-output-files.xcfilelist",
			);
			runOnlyForDeploymentPostprocessing = 0;
			shellPath = /bin/sh;
			shellScript = "\"${PODS_ROOT}/Target Support Files/Pods-readhub-readhubUITests/Pods-readhub-readhubUITests-frameworks.sh\"\n";
			showEnvVarsInLog = 0;
		};
		9E9776082739D60547EA46E5 /* [CP] Check Pods Manifest.lock */ = {
			isa = PBXShellScriptBuildPhase;
			buildActionMask = 2147483647;
			files = (
			);
			inputFileListPaths = (
			);
			inputPaths = (
				"${PODS_PODFILE_DIR_PATH}/Podfile.lock",
				"${PODS_ROOT}/Manifest.lock",
			);
			name = "[CP] Check Pods Manifest.lock";
			outputFileListPaths = (
			);
			outputPaths = (
				"$(DERIVED_FILE_DIR)/Pods-readhub-readhubUITests-checkManifestLockResult.txt",
			);
			runOnlyForDeploymentPostprocessing = 0;
			shellPath = /bin/sh;
			shellScript = "diff \"${PODS_PODFILE_DIR_PATH}/Podfile.lock\" \"${PODS_ROOT}/Manifest.lock\" > /dev/null\nif [ $? != 0 ] ; then\n    # print error to STDERR\n    echo \"error: The sandbox is not in sync with the Podfile.lock. Run 'pod install' or update your CocoaPods installation.\" >&2\n    exit 1\nfi\n# This output is used by Xcode 'outputs' to avoid re-running this script phase.\necho \"SUCCESS\" > \"${SCRIPT_OUTPUT_FILE_0}\"\n";
			showEnvVarsInLog = 0;
		};
		DABE23F250DBF2166A560101 /* [CP] Check Pods Manifest.lock */ = {
			isa = PBXShellScriptBuildPhase;
			buildActionMask = 2147483647;
			files = (
			);
			inputFileListPaths = (
			);
			inputPaths = (
				"${PODS_PODFILE_DIR_PATH}/Podfile.lock",
				"${PODS_ROOT}/Manifest.lock",
			);
			name = "[CP] Check Pods Manifest.lock";
			outputFileListPaths = (
			);
			outputPaths = (
				"$(DERIVED_FILE_DIR)/Pods-readhub-checkManifestLockResult.txt",
			);
			runOnlyForDeploymentPostprocessing = 0;
			shellPath = /bin/sh;
			shellScript = "diff \"${PODS_PODFILE_DIR_PATH}/Podfile.lock\" \"${PODS_ROOT}/Manifest.lock\" > /dev/null\nif [ $? != 0 ] ; then\n    # print error to STDERR\n    echo \"error: The sandbox is not in sync with the Podfile.lock. Run 'pod install' or update your CocoaPods installation.\" >&2\n    exit 1\nfi\n# This output is used by Xcode 'outputs' to avoid re-running this script phase.\necho \"SUCCESS\" > \"${SCRIPT_OUTPUT_FILE_0}\"\n";
			showEnvVarsInLog = 0;
		};
/* End PBXShellScriptBuildPhase section */

/* Begin PBXSourcesBuildPhase section */
		656534EF23557D3C00840686 /* Sources */ = {
			isa = PBXSourcesBuildPhase;
			buildActionMask = 2147483647;
			files = (
				65C34E752355B5AE005419D9 /* UIBarButtonItemExtension.swift in Sources */,
				6565353E23558DAD00840686 /* FormatterInterface.swift in Sources */,
				65F7031F2355E40A00D7EA19 /* NewsViewController.swift in Sources */,
				65C34E772355B5E1005419D9 /* UIImageExtension.swift in Sources */,
				65275A042356C9D100994C0F /* NewsTableViewCell.swift in Sources */,
				656535422355930100840686 /* Constants.swift in Sources */,
				65F004802355E93C005F7CC0 /* BaseViewController.swift in Sources */,
				6565354F235599E700840686 /* HomeWireframe.swift in Sources */,
				6565353B23558DAD00840686 /* InteractorInterface.swift in Sources */,
				65F703212355E41800D7EA19 /* TechnewsViewController.swift in Sources */,
				6565355623559AC800840686 /* ThemeInitializer.swift in Sources */,
				6565354E235599E700840686 /* HomeInteractor.swift in Sources */,
				6565353A23558DAD00840686 /* ViewInterface.swift in Sources */,
				6565354023558DDE00840686 /* ReadhubService.swift in Sources */,
				65F7031D2355E3F900D7EA19 /* TopicViewController.swift in Sources */,
				650EE73A2355F8B1008A90B3 /* BaseHomeViewController.swift in Sources */,
				650EE7242355F216008A90B3 /* UIView+Corner.swift in Sources */,
				6565354D235599E700840686 /* HomeViewController.swift in Sources */,
				6565355423559A8B00840686 /* Initializers.swift in Sources */,
				6565353D23558DAD00840686 /* UIStoryboardExtension.swift in Sources */,
				6565354C235599E700840686 /* HomePresenter.swift in Sources */,
				6565355123559A2F00840686 /* NvController.swift in Sources */,
				656534F723557D3C00840686 /* AppDelegate.swift in Sources */,
				650EE7222355F1B7008A90B3 /* String+GetSize.swift in Sources */,
				65F0047E2355E875005F7CC0 /* UIColor+HexColor.swift in Sources */,
				6565354B235599E700840686 /* HomeInterfaces.swift in Sources */,
				656534F923557D3C00840686 /* SceneDelegate.swift in Sources */,
				65F703232355E42800D7EA19 /* BlockchainViewController.swift in Sources */,
				65653544235593ED00840686 /* ReadhubModels.swift in Sources */,
				65275A0623570A5300994C0F /* String+Time.swift in Sources */,
				6565353923558DAD00840686 /* BaseWireframe.swift in Sources */,
				659694F42357EF6E00F169A1 /* UILabelExtension.swift in Sources */,
				6565353C23558DAD00840686 /* PresenterInterface.swift in Sources */,
			);
			runOnlyForDeploymentPostprocessing = 0;
		};
		6565350523557D4400840686 /* Sources */ = {
			isa = PBXSourcesBuildPhase;
			buildActionMask = 2147483647;
			files = (
				6565350E23557D4400840686 /* readhubTests.swift in Sources */,
			);
			runOnlyForDeploymentPostprocessing = 0;
		};
		6565351023557D4400840686 /* Sources */ = {
			isa = PBXSourcesBuildPhase;
			buildActionMask = 2147483647;
			files = (
				6565351923557D4400840686 /* readhubUITests.swift in Sources */,
			);
			runOnlyForDeploymentPostprocessing = 0;
		};
/* End PBXSourcesBuildPhase section */

/* Begin PBXTargetDependency section */
		6565350B23557D4400840686 /* PBXTargetDependency */ = {
			isa = PBXTargetDependency;
			target = 656534F223557D3C00840686 /* readhub */;
			targetProxy = 6565350A23557D4400840686 /* PBXContainerItemProxy */;
		};
		6565351623557D4400840686 /* PBXTargetDependency */ = {
			isa = PBXTargetDependency;
			target = 656534F223557D3C00840686 /* readhub */;
			targetProxy = 6565351523557D4400840686 /* PBXContainerItemProxy */;
		};
/* End PBXTargetDependency section */

/* Begin XCBuildConfiguration section */
		6565351B23557D4400840686 /* Debug */ = {
			isa = XCBuildConfiguration;
			buildSettings = {
				ALWAYS_SEARCH_USER_PATHS = NO;
				CLANG_ANALYZER_NONNULL = YES;
				CLANG_ANALYZER_NUMBER_OBJECT_CONVERSION = YES_AGGRESSIVE;
				CLANG_CXX_LANGUAGE_STANDARD = "gnu++14";
				CLANG_CXX_LIBRARY = "libc++";
				CLANG_ENABLE_MODULES = YES;
				CLANG_ENABLE_OBJC_ARC = YES;
				CLANG_ENABLE_OBJC_WEAK = YES;
				CLANG_WARN_BLOCK_CAPTURE_AUTORELEASING = YES;
				CLANG_WARN_BOOL_CONVERSION = YES;
				CLANG_WARN_COMMA = YES;
				CLANG_WARN_CONSTANT_CONVERSION = YES;
				CLANG_WARN_DEPRECATED_OBJC_IMPLEMENTATIONS = YES;
				CLANG_WARN_DIRECT_OBJC_ISA_USAGE = YES_ERROR;
				CLANG_WARN_DOCUMENTATION_COMMENTS = YES;
				CLANG_WARN_EMPTY_BODY = YES;
				CLANG_WARN_ENUM_CONVERSION = YES;
				CLANG_WARN_INFINITE_RECURSION = YES;
				CLANG_WARN_INT_CONVERSION = YES;
				CLANG_WARN_NON_LITERAL_NULL_CONVERSION = YES;
				CLANG_WARN_OBJC_IMPLICIT_RETAIN_SELF = YES;
				CLANG_WARN_OBJC_LITERAL_CONVERSION = YES;
				CLANG_WARN_OBJC_ROOT_CLASS = YES_ERROR;
				CLANG_WARN_RANGE_LOOP_ANALYSIS = YES;
				CLANG_WARN_STRICT_PROTOTYPES = YES;
				CLANG_WARN_SUSPICIOUS_MOVE = YES;
				CLANG_WARN_UNGUARDED_AVAILABILITY = YES_AGGRESSIVE;
				CLANG_WARN_UNREACHABLE_CODE = YES;
				CLANG_WARN__DUPLICATE_METHOD_MATCH = YES;
				COPY_PHASE_STRIP = NO;
				DEBUG_INFORMATION_FORMAT = dwarf;
				ENABLE_STRICT_OBJC_MSGSEND = YES;
				ENABLE_TESTABILITY = YES;
				GCC_C_LANGUAGE_STANDARD = gnu11;
				GCC_DYNAMIC_NO_PIC = NO;
				GCC_NO_COMMON_BLOCKS = YES;
				GCC_OPTIMIZATION_LEVEL = 0;
				GCC_PREPROCESSOR_DEFINITIONS = (
					"DEBUG=1",
					"$(inherited)",
				);
				GCC_WARN_64_TO_32_BIT_CONVERSION = YES;
				GCC_WARN_ABOUT_RETURN_TYPE = YES_ERROR;
				GCC_WARN_UNDECLARED_SELECTOR = YES;
				GCC_WARN_UNINITIALIZED_AUTOS = YES_AGGRESSIVE;
				GCC_WARN_UNUSED_FUNCTION = YES;
				GCC_WARN_UNUSED_VARIABLE = YES;
				IPHONEOS_DEPLOYMENT_TARGET = 13.1;
				MTL_ENABLE_DEBUG_INFO = INCLUDE_SOURCE;
				MTL_FAST_MATH = YES;
				ONLY_ACTIVE_ARCH = YES;
				SDKROOT = iphoneos;
				SWIFT_ACTIVE_COMPILATION_CONDITIONS = DEBUG;
				SWIFT_OPTIMIZATION_LEVEL = "-Onone";
			};
			name = Debug;
		};
		6565351C23557D4400840686 /* Release */ = {
			isa = XCBuildConfiguration;
			buildSettings = {
				ALWAYS_SEARCH_USER_PATHS = NO;
				CLANG_ANALYZER_NONNULL = YES;
				CLANG_ANALYZER_NUMBER_OBJECT_CONVERSION = YES_AGGRESSIVE;
				CLANG_CXX_LANGUAGE_STANDARD = "gnu++14";
				CLANG_CXX_LIBRARY = "libc++";
				CLANG_ENABLE_MODULES = YES;
				CLANG_ENABLE_OBJC_ARC = YES;
				CLANG_ENABLE_OBJC_WEAK = YES;
				CLANG_WARN_BLOCK_CAPTURE_AUTORELEASING = YES;
				CLANG_WARN_BOOL_CONVERSION = YES;
				CLANG_WARN_COMMA = YES;
				CLANG_WARN_CONSTANT_CONVERSION = YES;
				CLANG_WARN_DEPRECATED_OBJC_IMPLEMENTATIONS = YES;
				CLANG_WARN_DIRECT_OBJC_ISA_USAGE = YES_ERROR;
				CLANG_WARN_DOCUMENTATION_COMMENTS = YES;
				CLANG_WARN_EMPTY_BODY = YES;
				CLANG_WARN_ENUM_CONVERSION = YES;
				CLANG_WARN_INFINITE_RECURSION = YES;
				CLANG_WARN_INT_CONVERSION = YES;
				CLANG_WARN_NON_LITERAL_NULL_CONVERSION = YES;
				CLANG_WARN_OBJC_IMPLICIT_RETAIN_SELF = YES;
				CLANG_WARN_OBJC_LITERAL_CONVERSION = YES;
				CLANG_WARN_OBJC_ROOT_CLASS = YES_ERROR;
				CLANG_WARN_RANGE_LOOP_ANALYSIS = YES;
				CLANG_WARN_STRICT_PROTOTYPES = YES;
				CLANG_WARN_SUSPICIOUS_MOVE = YES;
				CLANG_WARN_UNGUARDED_AVAILABILITY = YES_AGGRESSIVE;
				CLANG_WARN_UNREACHABLE_CODE = YES;
				CLANG_WARN__DUPLICATE_METHOD_MATCH = YES;
				COPY_PHASE_STRIP = NO;
				DEBUG_INFORMATION_FORMAT = "dwarf-with-dsym";
				ENABLE_NS_ASSERTIONS = NO;
				ENABLE_STRICT_OBJC_MSGSEND = YES;
				GCC_C_LANGUAGE_STANDARD = gnu11;
				GCC_NO_COMMON_BLOCKS = YES;
				GCC_WARN_64_TO_32_BIT_CONVERSION = YES;
				GCC_WARN_ABOUT_RETURN_TYPE = YES_ERROR;
				GCC_WARN_UNDECLARED_SELECTOR = YES;
				GCC_WARN_UNINITIALIZED_AUTOS = YES_AGGRESSIVE;
				GCC_WARN_UNUSED_FUNCTION = YES;
				GCC_WARN_UNUSED_VARIABLE = YES;
				IPHONEOS_DEPLOYMENT_TARGET = 13.1;
				MTL_ENABLE_DEBUG_INFO = NO;
				MTL_FAST_MATH = YES;
				SDKROOT = iphoneos;
				SWIFT_COMPILATION_MODE = wholemodule;
				SWIFT_OPTIMIZATION_LEVEL = "-O";
				VALIDATE_PRODUCT = YES;
			};
			name = Release;
		};
		6565351E23557D4400840686 /* Debug */ = {
			isa = XCBuildConfiguration;
			baseConfigurationReference = 4DAEBDBFCC22A7AFFC9A9E8F /* Pods-readhub.debug.xcconfig */;
			buildSettings = {
				ASSETCATALOG_COMPILER_APPICON_NAME = AppIcon;
				CODE_SIGN_STYLE = Automatic;
				DEVELOPMENT_TEAM = 8J42PWK4BE;
				INFOPLIST_FILE = readhub/SupportingFiles/Info.plist;
				LD_RUNPATH_SEARCH_PATHS = (
					"$(inherited)",
					"@executable_path/Frameworks",
				);
				PRODUCT_BUNDLE_IDENTIFIER = io.github.wlemuel.readhub;
				PRODUCT_NAME = "Readhub+";
				SWIFT_VERSION = 5.0;
				TARGETED_DEVICE_FAMILY = "1,2";
			};
			name = Debug;
		};
		6565351F23557D4400840686 /* Release */ = {
			isa = XCBuildConfiguration;
			baseConfigurationReference = 76F72DC5BBB0718226D30AF9 /* Pods-readhub.release.xcconfig */;
			buildSettings = {
				ASSETCATALOG_COMPILER_APPICON_NAME = AppIcon;
				CODE_SIGN_STYLE = Automatic;
				DEVELOPMENT_TEAM = 8J42PWK4BE;
				INFOPLIST_FILE = readhub/SupportingFiles/Info.plist;
				LD_RUNPATH_SEARCH_PATHS = (
					"$(inherited)",
					"@executable_path/Frameworks",
				);
				PRODUCT_BUNDLE_IDENTIFIER = io.github.wlemuel.readhub;
				PRODUCT_NAME = "Readhub+";
				SWIFT_VERSION = 5.0;
				TARGETED_DEVICE_FAMILY = "1,2";
			};
			name = Release;
		};
		6565352123557D4400840686 /* Debug */ = {
			isa = XCBuildConfiguration;
			baseConfigurationReference = CB3AB5E57729B456C5AF63C1 /* Pods-readhubTests.debug.xcconfig */;
			buildSettings = {
				ALWAYS_EMBED_SWIFT_STANDARD_LIBRARIES = "$(inherited)";
				BUNDLE_LOADER = "$(TEST_HOST)";
				CODE_SIGN_STYLE = Automatic;
				DEVELOPMENT_TEAM = 8J42PWK4BE;
				INFOPLIST_FILE = readhubTests/Info.plist;
				IPHONEOS_DEPLOYMENT_TARGET = 13.1;
				LD_RUNPATH_SEARCH_PATHS = (
					"$(inherited)",
					"@executable_path/Frameworks",
					"@loader_path/Frameworks",
				);
				PRODUCT_BUNDLE_IDENTIFIER = io.github.wlemuel.readhubTests;
				PRODUCT_NAME = "$(TARGET_NAME)";
				SWIFT_VERSION = 5.0;
				TARGETED_DEVICE_FAMILY = "1,2";
				TEST_HOST = "$(BUILT_PRODUCTS_DIR)/readhub.app/readhub";
			};
			name = Debug;
		};
		6565352223557D4400840686 /* Release */ = {
			isa = XCBuildConfiguration;
			baseConfigurationReference = EBDDB56FCA490C8C2DE97666 /* Pods-readhubTests.release.xcconfig */;
			buildSettings = {
				ALWAYS_EMBED_SWIFT_STANDARD_LIBRARIES = "$(inherited)";
				BUNDLE_LOADER = "$(TEST_HOST)";
				CODE_SIGN_STYLE = Automatic;
				DEVELOPMENT_TEAM = 8J42PWK4BE;
				INFOPLIST_FILE = readhubTests/Info.plist;
				IPHONEOS_DEPLOYMENT_TARGET = 13.1;
				LD_RUNPATH_SEARCH_PATHS = (
					"$(inherited)",
					"@executable_path/Frameworks",
					"@loader_path/Frameworks",
				);
				PRODUCT_BUNDLE_IDENTIFIER = io.github.wlemuel.readhubTests;
				PRODUCT_NAME = "$(TARGET_NAME)";
				SWIFT_VERSION = 5.0;
				TARGETED_DEVICE_FAMILY = "1,2";
				TEST_HOST = "$(BUILT_PRODUCTS_DIR)/readhub.app/readhub";
			};
			name = Release;
		};
		6565352423557D4400840686 /* Debug */ = {
			isa = XCBuildConfiguration;
			baseConfigurationReference = C8E60CC0A243C3BD4F6A2C14 /* Pods-readhub-readhubUITests.debug.xcconfig */;
			buildSettings = {
				ALWAYS_EMBED_SWIFT_STANDARD_LIBRARIES = "$(inherited)";
				CODE_SIGN_STYLE = Automatic;
				DEVELOPMENT_TEAM = 8J42PWK4BE;
				INFOPLIST_FILE = readhubUITests/Info.plist;
				LD_RUNPATH_SEARCH_PATHS = (
					"$(inherited)",
					"@executable_path/Frameworks",
					"@loader_path/Frameworks",
				);
				PRODUCT_BUNDLE_IDENTIFIER = io.github.wlemuel.readhubUITests;
				PRODUCT_NAME = "$(TARGET_NAME)";
				SWIFT_VERSION = 5.0;
				TARGETED_DEVICE_FAMILY = "1,2";
				TEST_TARGET_NAME = readhub;
			};
			name = Debug;
		};
		6565352523557D4400840686 /* Release */ = {
			isa = XCBuildConfiguration;
			baseConfigurationReference = 78CA7588B4C06E7DD2C14C53 /* Pods-readhub-readhubUITests.release.xcconfig */;
			buildSettings = {
				ALWAYS_EMBED_SWIFT_STANDARD_LIBRARIES = "$(inherited)";
				CODE_SIGN_STYLE = Automatic;
				DEVELOPMENT_TEAM = 8J42PWK4BE;
				INFOPLIST_FILE = readhubUITests/Info.plist;
				LD_RUNPATH_SEARCH_PATHS = (
					"$(inherited)",
					"@executable_path/Frameworks",
					"@loader_path/Frameworks",
				);
				PRODUCT_BUNDLE_IDENTIFIER = io.github.wlemuel.readhubUITests;
				PRODUCT_NAME = "$(TARGET_NAME)";
				SWIFT_VERSION = 5.0;
				TARGETED_DEVICE_FAMILY = "1,2";
				TEST_TARGET_NAME = readhub;
			};
			name = Release;
		};
/* End XCBuildConfiguration section */

/* Begin XCConfigurationList section */
		656534EE23557D3C00840686 /* Build configuration list for PBXProject "readhub" */ = {
			isa = XCConfigurationList;
			buildConfigurations = (
				6565351B23557D4400840686 /* Debug */,
				6565351C23557D4400840686 /* Release */,
			);
			defaultConfigurationIsVisible = 0;
			defaultConfigurationName = Release;
		};
		6565351D23557D4400840686 /* Build configuration list for PBXNativeTarget "readhub" */ = {
			isa = XCConfigurationList;
			buildConfigurations = (
				6565351E23557D4400840686 /* Debug */,
				6565351F23557D4400840686 /* Release */,
			);
			defaultConfigurationIsVisible = 0;
			defaultConfigurationName = Release;
		};
		6565352023557D4400840686 /* Build configuration list for PBXNativeTarget "readhubTests" */ = {
			isa = XCConfigurationList;
			buildConfigurations = (
				6565352123557D4400840686 /* Debug */,
				6565352223557D4400840686 /* Release */,
			);
			defaultConfigurationIsVisible = 0;
			defaultConfigurationName = Release;
		};
		6565352323557D4400840686 /* Build configuration list for PBXNativeTarget "readhubUITests" */ = {
			isa = XCConfigurationList;
			buildConfigurations = (
				6565352423557D4400840686 /* Debug */,
				6565352523557D4400840686 /* Release */,
			);
			defaultConfigurationIsVisible = 0;
			defaultConfigurationName = Release;
		};
/* End XCConfigurationList section */
	};
	rootObject = 656534EB23557D3C00840686 /* Project object */;
}
